
Microsoft Visual Studio Solution File, Format Version 12.00
# Visual Studio Version 17
VisualStudioVersion = 17.0.31717.71
MinimumVisualStudioVersion = 10.0.40219.1
Project("{9A19103F-16F7-4668-BE54-9A1E7A4F7556}") = "MyOnlineShop", "MyOnlineShop\MyOnlineShop.csproj", "{697939BF-A3EA-4A1A-8B26-6AFE84684770}"
EndProject
Project("{FAE04EC0-301F-11D3-BF4B-00C04F79EFBC}") = "MyOnlineShop.Domain", "MyOnlineShop.Domain\MyOnlineShop.Domain.csproj", "{72AC1DF1-8E8C-4771-BB44-795B93B750AF}"
EndProject
Global
	GlobalSection(SolutionConfigurationPlatforms) = preSolution
		Debug|Any CPU = Debug|Any CPU
		Release|Any CPU = Release|Any CPU
	EndGlobalSection
	GlobalSection(ProjectConfigurationPlatforms) = postSolution
		{697939BF-A3EA-4A1A-8B26-6AFE84684770}.Debug|Any CPU.ActiveCfg = Debug|Any CPU
		{697939BF-A3EA-4A1A-8B26-6AFE84684770}.Debug|Any CPU.Build.0 = Debug|Any CPU
		{697939BF-A3EA-4A1A-8B26-6AFE84684770}.Release|Any CPU.ActiveCfg = Release|Any CPU
		{697939BF-A3EA-4A1A-8B26-6AFE84684770}.Release|Any CPU.Build.0 = Release|Any CPU
		{72AC1DF1-8E8C-4771-BB44-795B93B750AF}.Debug|Any CPU.ActiveCfg = Debug|Any CPU
		{72AC1DF1-8E8C-4771-BB44-795B93B750AF}.Debug|Any CPU.Build.0 = Debug|Any CPU
		{72AC1DF1-8E8C-4771-BB44-795B93B750AF}.Release|Any CPU.ActiveCfg = Release|Any CPU
		{72AC1DF1-8E8C-4771-BB44-795B93B750AF}.Release|Any CPU.Build.0 = Release|Any CPU
	EndGlobalSection
	GlobalSection(SolutionProperties) = preSolution
		HideSolutionNode = FALSE
	EndGlobalSection
	GlobalSection(ExtensibilityGlobals) = postSolution
		SolutionGuid = {53272589-3F78-4205-9ACE-DE089D0491F3}
	EndGlobalSection
EndGlobal
